
Microsoft Visual Studio Solution File, Format Version 11.00
# Visual C++ Express 2010
Project("{8BC9CEB8-8B4A-11D0-8D11-00A0C91BC942}") = "trie_test", "trie.vcxproj", "{3865DA94-DACF-4FB6-8D61-092DCF61CB6E}"
	ProjectSection(ProjectDependencies) = postProject
		{190AB03D-A39B-4BEC-811B-732878128E06} = {190AB03D-A39B-4BEC-811B-732878128E06}
		{F011BA63-D946-42EE-B320-B2D8B8E8823D} = {F011BA63-D946-42EE-B320-B2D8B8E8823D}
		{51FE6E89-5CD5-4F3F-9FE0-2E6C9E8B98AF} = {51FE6E89-5CD5-4F3F-9FE0-2E6C9E8B98AF}
		{E6D66893-92C1-46C8-B7F6-CCCD154BC28B} = {E6D66893-92C1-46C8-B7F6-CCCD154BC28B}
		{774753B0-106A-47CB-A33D-F8FD1B710F0F} = {774753B0-106A-47CB-A33D-F8FD1B710F0F}
	EndProjectSection
EndProject
Project("{8BC9CEB8-8B4A-11D0-8D11-00A0C91BC942}") = "array_node", "..\examples\win\array_node.vcxproj", "{F011BA63-D946-42EE-B320-B2D8B8E8823D}"
EndProject
Project("{8BC9CEB8-8B4A-11D0-8D11-00A0C91BC942}") = "common_prefix", "..\examples\win\common_prefix.vcxproj", "{51FE6E89-5CD5-4F3F-9FE0-2E6C9E8B98AF}"
	ProjectSection(ProjectDependencies) = postProject
		{F011BA63-D946-42EE-B320-B2D8B8E8823D} = {F011BA63-D946-42EE-B320-B2D8B8E8823D}
	EndProjectSection
EndProject
Project("{8BC9CEB8-8B4A-11D0-8D11-00A0C91BC942}") = "insert_erase", "..\examples\win\insert_erase.vcxproj", "{190AB03D-A39B-4BEC-811B-732878128E06}"
	ProjectSection(ProjectDependencies) = postProject
		{F011BA63-D946-42EE-B320-B2D8B8E8823D} = {F011BA63-D946-42EE-B320-B2D8B8E8823D}
		{51FE6E89-5CD5-4F3F-9FE0-2E6C9E8B98AF} = {51FE6E89-5CD5-4F3F-9FE0-2E6C9E8B98AF}
	EndProjectSection
EndProject
Project("{8BC9CEB8-8B4A-11D0-8D11-00A0C91BC942}") = "iterators", "..\examples\win\iterators.vcxproj", "{E6D66893-92C1-46C8-B7F6-CCCD154BC28B}"
	ProjectSection(ProjectDependencies) = postProject
		{190AB03D-A39B-4BEC-811B-732878128E06} = {190AB03D-A39B-4BEC-811B-732878128E06}
		{F011BA63-D946-42EE-B320-B2D8B8E8823D} = {F011BA63-D946-42EE-B320-B2D8B8E8823D}
		{51FE6E89-5CD5-4F3F-9FE0-2E6C9E8B98AF} = {51FE6E89-5CD5-4F3F-9FE0-2E6C9E8B98AF}
	EndProjectSection
EndProject
Project("{8BC9CEB8-8B4A-11D0-8D11-00A0C91BC942}") = "retrieval", "..\examples\win\retrieval.vcxproj", "{774753B0-106A-47CB-A33D-F8FD1B710F0F}"
	ProjectSection(ProjectDependencies) = postProject
		{190AB03D-A39B-4BEC-811B-732878128E06} = {190AB03D-A39B-4BEC-811B-732878128E06}
		{F011BA63-D946-42EE-B320-B2D8B8E8823D} = {F011BA63-D946-42EE-B320-B2D8B8E8823D}
		{51FE6E89-5CD5-4F3F-9FE0-2E6C9E8B98AF} = {51FE6E89-5CD5-4F3F-9FE0-2E6C9E8B98AF}
		{E6D66893-92C1-46C8-B7F6-CCCD154BC28B} = {E6D66893-92C1-46C8-B7F6-CCCD154BC28B}
	EndProjectSection
EndProject
Global
	GlobalSection(SolutionConfigurationPlatforms) = preSolution
		Debug|Win32 = Debug|Win32
		Release|Win32 = Release|Win32
	EndGlobalSection
	GlobalSection(ProjectConfigurationPlatforms) = postSolution
		{3865DA94-DACF-4FB6-8D61-092DCF61CB6E}.Debug|Win32.ActiveCfg = Debug|Win32
		{3865DA94-DACF-4FB6-8D61-092DCF61CB6E}.Debug|Win32.Build.0 = Debug|Win32
		{3865DA94-DACF-4FB6-8D61-092DCF61CB6E}.Release|Win32.ActiveCfg = Release|Win32
		{3865DA94-DACF-4FB6-8D61-092DCF61CB6E}.Release|Win32.Build.0 = Release|Win32
		{F011BA63-D946-42EE-B320-B2D8B8E8823D}.Debug|Win32.ActiveCfg = Debug|Win32
		{F011BA63-D946-42EE-B320-B2D8B8E8823D}.Debug|Win32.Build.0 = Debug|Win32
		{F011BA63-D946-42EE-B320-B2D8B8E8823D}.Release|Win32.ActiveCfg = Release|Win32
		{F011BA63-D946-42EE-B320-B2D8B8E8823D}.Release|Win32.Build.0 = Release|Win32
		{51FE6E89-5CD5-4F3F-9FE0-2E6C9E8B98AF}.Debug|Win32.ActiveCfg = Debug|Win32
		{51FE6E89-5CD5-4F3F-9FE0-2E6C9E8B98AF}.Debug|Win32.Build.0 = Debug|Win32
		{51FE6E89-5CD5-4F3F-9FE0-2E6C9E8B98AF}.Release|Win32.ActiveCfg = Release|Win32
		{51FE6E89-5CD5-4F3F-9FE0-2E6C9E8B98AF}.Release|Win32.Build.0 = Release|Win32
		{190AB03D-A39B-4BEC-811B-732878128E06}.Debug|Win32.ActiveCfg = Debug|Win32
		{190AB03D-A39B-4BEC-811B-732878128E06}.Debug|Win32.Build.0 = Debug|Win32
		{190AB03D-A39B-4BEC-811B-732878128E06}.Release|Win32.ActiveCfg = Release|Win32
		{190AB03D-A39B-4BEC-811B-732878128E06}.Release|Win32.Build.0 = Release|Win32
		{E6D66893-92C1-46C8-B7F6-CCCD154BC28B}.Debug|Win32.ActiveCfg = Debug|Win32
		{E6D66893-92C1-46C8-B7F6-CCCD154BC28B}.Debug|Win32.Build.0 = Debug|Win32
		{E6D66893-92C1-46C8-B7F6-CCCD154BC28B}.Release|Win32.ActiveCfg = Release|Win32
		{E6D66893-92C1-46C8-B7F6-CCCD154BC28B}.Release|Win32.Build.0 = Release|Win32
		{774753B0-106A-47CB-A33D-F8FD1B710F0F}.Debug|Win32.ActiveCfg = Debug|Win32
		{774753B0-106A-47CB-A33D-F8FD1B710F0F}.Debug|Win32.Build.0 = Debug|Win32
		{774753B0-106A-47CB-A33D-F8FD1B710F0F}.Release|Win32.ActiveCfg = Release|Win32
		{774753B0-106A-47CB-A33D-F8FD1B710F0F}.Release|Win32.Build.0 = Release|Win32
	EndGlobalSection
	GlobalSection(SolutionProperties) = preSolution
		HideSolutionNode = FALSE
	EndGlobalSection
EndGlobal
